
Microsoft Visual Studio Solution File, Format Version 12.00
# Visual Studio Version 17
VisualStudioVersion = 17.2.32901.213
MinimumVisualStudioVersion = 10.0.40219.1
Project("{FAE04EC0-301F-11D3-BF4B-00C04F79EFBC}") = "EjercFirmaCarlosCanales.Android", "EjercFirmaCarlosCanales\EjercFirmaCarlosCanales.Android\EjercFirmaCarlosCanales.Android.csproj", "{2D8537C8-5B9A-49B8-B889-DA3BB905C970}"
EndProject
Project("{FAE04EC0-301F-11D3-BF4B-00C04F79EFBC}") = "EjercFirmaCarlosCanales", "EjercFirmaCarlosCanales\EjercFirmaCarlosCanales\EjercFirmaCarlosCanales.csproj", "{6E42E181-2024-4A00-B0AF-74BEE71361A5}"
EndProject
Global
	GlobalSection(SolutionConfigurationPlatforms) = preSolution
		Debug|Any CPU = Debug|Any CPU
		Release|Any CPU = Release|Any CPU
	EndGlobalSection
	GlobalSection(ProjectConfigurationPlatforms) = postSolution
		{2D8537C8-5B9A-49B8-B889-DA3BB905C970}.Debug|Any CPU.ActiveCfg = Debug|Any CPU
		{2D8537C8-5B9A-49B8-B889-DA3BB905C970}.Debug|Any CPU.Build.0 = Debug|Any CPU
		{2D8537C8-5B9A-49B8-B889-DA3BB905C970}.Debug|Any CPU.Deploy.0 = Debug|Any CPU
		{2D8537C8-5B9A-49B8-B889-DA3BB905C970}.Release|Any CPU.ActiveCfg = Release|Any CPU
		{2D8537C8-5B9A-49B8-B889-DA3BB905C970}.Release|Any CPU.Build.0 = Release|Any CPU
		{2D8537C8-5B9A-49B8-B889-DA3BB905C970}.Release|Any CPU.Deploy.0 = Release|Any CPU
		{6E42E181-2024-4A00-B0AF-74BEE71361A5}.Debug|Any CPU.ActiveCfg = Debug|Any CPU
		{6E42E181-2024-4A00-B0AF-74BEE71361A5}.Debug|Any CPU.Build.0 = Debug|Any CPU
		{6E42E181-2024-4A00-B0AF-74BEE71361A5}.Debug|Any CPU.Deploy.0 = Debug|Any CPU
		{6E42E181-2024-4A00-B0AF-74BEE71361A5}.Release|Any CPU.ActiveCfg = Release|Any CPU
		{6E42E181-2024-4A00-B0AF-74BEE71361A5}.Release|Any CPU.Build.0 = Release|Any CPU
		{6E42E181-2024-4A00-B0AF-74BEE71361A5}.Release|Any CPU.Deploy.0 = Release|Any CPU
	EndGlobalSection
	GlobalSection(SolutionProperties) = preSolution
		HideSolutionNode = FALSE
	EndGlobalSection
	GlobalSection(ExtensibilityGlobals) = postSolution
		SolutionGuid = {AF45FC6A-3ABD-4220-856B-D6B5E08644EA}
	EndGlobalSection
EndGlobal
